
Microsoft Visual Studio Solution File, Format Version 12.00
# Visual Studio 15
VisualStudioVersion = 15.0.28307.1300
MinimumVisualStudioVersion = 10.0.40219.1
Project("{FAE04EC0-301F-11D3-BF4B-00C04F79EFBC}") = "GBSM", "GBSM\GBSM.csproj", "{EA3561C4-785C-471D-9149-0FC3310953C0}"
EndProject
Project("{FAE04EC0-301F-11D3-BF4B-00C04F79EFBC}") = "GBSMQ2", "GBSMQ2\GBSMQ2.csproj", "{A4A06153-CE24-454E-8B6E-B49A08EA72A3}"
EndProject
Global
	GlobalSection(SolutionConfigurationPlatforms) = preSolution
		Debug|Any CPU = Debug|Any CPU
		Release|Any CPU = Release|Any CPU
	EndGlobalSection
	GlobalSection(ProjectConfigurationPlatforms) = postSolution
		{EA3561C4-785C-471D-9149-0FC3310953C0}.Debug|Any CPU.ActiveCfg = Debug|Any CPU
		{EA3561C4-785C-471D-9149-0FC3310953C0}.Debug|Any CPU.Build.0 = Debug|Any CPU
		{EA3561C4-785C-471D-9149-0FC3310953C0}.Release|Any CPU.ActiveCfg = Release|Any CPU
		{EA3561C4-785C-471D-9149-0FC3310953C0}.Release|Any CPU.Build.0 = Release|Any CPU
		{A4A06153-CE24-454E-8B6E-B49A08EA72A3}.Debug|Any CPU.ActiveCfg = Debug|Any CPU
		{A4A06153-CE24-454E-8B6E-B49A08EA72A3}.Debug|Any CPU.Build.0 = Debug|Any CPU
		{A4A06153-CE24-454E-8B6E-B49A08EA72A3}.Release|Any CPU.ActiveCfg = Release|Any CPU
		{A4A06153-CE24-454E-8B6E-B49A08EA72A3}.Release|Any CPU.Build.0 = Release|Any CPU
	EndGlobalSection
	GlobalSection(SolutionProperties) = preSolution
		HideSolutionNode = FALSE
	EndGlobalSection
	GlobalSection(ExtensibilityGlobals) = postSolution
		SolutionGuid = {84BF8816-8027-4EE8-8440-DED4EA5674B7}
	EndGlobalSection
EndGlobal
